
Microsoft Visual Studio Solution File, Format Version 12.00
# Visual Studio Version 17
VisualStudioVersion = 17.9.34616.47
MinimumVisualStudioVersion = 10.0.40219.1
Project("{FAE04EC0-301F-11D3-BF4B-00C04F79EFBC}") = "CRD", "CRD.csproj", "{5B8CDF24-2E30-41AC-AE16-0DC390A11B33}"
EndProject
Global
	GlobalSection(SolutionConfigurationPlatforms) = preSolution
		Debug|Any CPU = Debug|Any CPU
		Release|Any CPU = Release|Any CPU
	EndGlobalSection
	GlobalSection(ProjectConfigurationPlatforms) = postSolution
		{5B8CDF24-2E30-41AC-AE16-0DC390A11B33}.Debug|Any CPU.ActiveCfg = Debug|Any CPU
		{5B8CDF24-2E30-41AC-AE16-0DC390A11B33}.Debug|Any CPU.Build.0 = Debug|Any CPU
		{5B8CDF24-2E30-41AC-AE16-0DC390A11B33}.Release|Any CPU.ActiveCfg = Release|Any CPU
		{5B8CDF24-2E30-41AC-AE16-0DC390A11B33}.Release|Any CPU.Build.0 = Release|Any CPU
	EndGlobalSection
	GlobalSection(SolutionProperties) = preSolution
		HideSolutionNode = FALSE
	EndGlobalSection
	GlobalSection(ExtensibilityGlobals) = postSolution
		SolutionGuid = {FB825AF8-C8C8-4192-925A-95274236B9B7}
	EndGlobalSection
EndGlobal
